// !$*UTF8*$!
{
	archiveVersion = 1;
	classes = {
	};
	objectVersion = 45;
	objects = {

/* Begin PBXBuildFile section */
		4B36E1B5124E12C000F45D1E /* genes.c in Sources */ = {isa = PBXBuildFile; fileRef = 4B36E1B2124E12C000F45D1E /* genes.c */; };
		4B36E1B6124E12C000F45D1E /* test.c in Sources */ = {isa = PBXBuildFile; fileRef = 4B36E1B4124E12C000F45D1E /* test.c */; };
		4B36E21B124E1F7500F45D1E /* hashtable.c in Sources */ = {isa = PBXBuildFile; fileRef = 4B36E21A124E1F7500F45D1E /* hashtable.c */; };
		4BF3AA1512465E4D00DA8944 /* algorithm.c in Sources */ = {isa = PBXBuildFile; fileRef = 4BF3AA0D12465E4D00DA8944 /* algorithm.c */; };
		4BF3AA1612465E4D00DA8944 /* expcurve.c in Sources */ = {isa = PBXBuildFile; fileRef = 4BF3AA0F12465E4D00DA8944 /* expcurve.c */; };
		4BF3AA1712465E4D00DA8944 /* powercurve.c in Sources */ = {isa = PBXBuildFile; fileRef = 4BF3AA1112465E4D00DA8944 /* powercurve.c */; };
		4BF3AA1812465E4D00DA8944 /* util.c in Sources */ = {isa = PBXBuildFile; fileRef = 4BF3AA1312465E4D00DA8944 /* util.c */; };
		4BF3AA5F1246ACCB00DA8944 /* reverse.c in Sources */ = {isa = PBXBuildFile; fileRef = 4BF3AA5E1246ACCB00DA8944 /* reverse.c */; };
		8DD76FAC0486AB0100D96B5E /* main.c in Sources */ = {isa = PBXBuildFile; fileRef = 08FB7796FE84155DC02AAC07 /* main.c */; settings = {ATTRIBUTES = (); }; };
		8DD76FB00486AB0100D96B5E /* LookAndSayProgressive.1 in CopyFiles */ = {isa = PBXBuildFile; fileRef = C6A0FF2C0290799A04C91782 /* LookAndSayProgressive.1 */; };
/* End PBXBuildFile section */

/* Begin PBXCopyFilesBuildPhase section */
		8DD76FAF0486AB0100D96B5E /* CopyFiles */ = {
			isa = PBXCopyFilesBuildPhase;
			buildActionMask = 8;
			dstPath = /usr/share/man/man1/;
			dstSubfolderSpec = 0;
			files = (
				8DD76FB00486AB0100D96B5E /* LookAndSayProgressive.1 in CopyFiles */,
			);
			runOnlyForDeploymentPostprocessing = 1;
		};
/* End PBXCopyFilesBuildPhase section */

/* Begin PBXFileReference section */
		08FB7796FE84155DC02AAC07 /* main.c */ = {isa = PBXFileReference; fileEncoding = 4; lastKnownFileType = sourcecode.c.c; path = main.c; sourceTree = "<group>"; };
		4B36E1B2124E12C000F45D1E /* genes.c */ = {isa = PBXFileReference; fileEncoding = 4; lastKnownFileType = sourcecode.c.c; path = genes.c; sourceTree = "<group>"; };
		4B36E1B3124E12C000F45D1E /* genes.h */ = {isa = PBXFileReference; fileEncoding = 4; lastKnownFileType = sourcecode.c.h; path = genes.h; sourceTree = "<group>"; };
		4B36E1B4124E12C000F45D1E /* test.c */ = {isa = PBXFileReference; fileEncoding = 4; lastKnownFileType = sourcecode.c.c; path = test.c; sourceTree = "<group>"; };
		4B36E21A124E1F7500F45D1E /* hashtable.c */ = {isa = PBXFileReference; fileEncoding = 4; lastKnownFileType = sourcecode.c.c; path = hashtable.c; sourceTree = "<group>"; };
		4B36E21C124E21B500F45D1E /* hashtable.h */ = {isa = PBXFileReference; fileEncoding = 4; lastKnownFileType = sourcecode.c.h; path = hashtable.h; sourceTree = "<group>"; };
		4B36E22F124E251B00F45D1E /* hashtable_private.h */ = {isa = PBXFileReference; fileEncoding = 4; lastKnownFileType = sourcecode.c.h; path = hashtable_private.h; sourceTree = "<group>"; };
		4BF3AA0D12465E4D00DA8944 /* algorithm.c */ = {isa = PBXFileReference; fileEncoding = 4; lastKnownFileType = sourcecode.c.c; path = algorithm.c; sourceTree = "<group>"; };
		4BF3AA0E12465E4D00DA8944 /* algorithm.h */ = {isa = PBXFileReference; fileEncoding = 4; lastKnownFileType = sourcecode.c.h; path = algorithm.h; sourceTree = "<group>"; };
		4BF3AA0F12465E4D00DA8944 /* expcurve.c */ = {isa = PBXFileReference; fileEncoding = 4; lastKnownFileType = sourcecode.c.c; path = expcurve.c; sourceTree = "<group>"; };
		4BF3AA1012465E4D00DA8944 /* expcurve.h */ = {isa = PBXFileReference; fileEncoding = 4; lastKnownFileType = sourcecode.c.h; path = expcurve.h; sourceTree = "<group>"; };
		4BF3AA1112465E4D00DA8944 /* powercurve.c */ = {isa = PBXFileReference; fileEncoding = 4; lastKnownFileType = sourcecode.c.c; path = powercurve.c; sourceTree = "<group>"; };
		4BF3AA1212465E4D00DA8944 /* powercurve.h */ = {isa = PBXFileReference; fileEncoding = 4; lastKnownFileType = sourcecode.c.h; path = powercurve.h; sourceTree = "<group>"; };
		4BF3AA1312465E4D00DA8944 /* util.c */ = {isa = PBXFileReference; fileEncoding = 4; lastKnownFileType = sourcecode.c.c; path = util.c; sourceTree = "<group>"; };
		4BF3AA1412465E4D00DA8944 /* util.h */ = {isa = PBXFileReference; fileEncoding = 4; lastKnownFileType = sourcecode.c.h; path = util.h; sourceTree = "<group>"; };
		4BF3AA5E1246ACCB00DA8944 /* reverse.c */ = {isa = PBXFileReference; fileEncoding = 4; lastKnownFileType = sourcecode.c.c; path = reverse.c; sourceTree = "<group>"; };
		8DD76FB20486AB0100D96B5E /* LookAndSayProgressive */ = {isa = PBXFileReference; explicitFileType = "compiled.mach-o.executable"; includeInIndex = 0; path = LookAndSayProgressive; sourceTree = BUILT_PRODUCTS_DIR; };
		C6A0FF2C0290799A04C91782 /* LookAndSayProgressive.1 */ = {isa = PBXFileReference; lastKnownFileType = text.man; path = LookAndSayProgressive.1; sourceTree = "<group>"; };
/* End PBXFileReference section */

/* Begin PBXFrameworksBuildPhase section */
		8DD76FAD0486AB0100D96B5E /* Frameworks */ = {
			isa = PBXFrameworksBuildPhase;
			buildActionMask = 2147483647;
			files = (
			);
			runOnlyForDeploymentPostprocessing = 0;
		};
/* End PBXFrameworksBuildPhase section */

/* Begin PBXGroup section */
		08FB7794FE84155DC02AAC07 /* LookAndSayProgressive */ = {
			isa = PBXGroup;
			children = (
				08FB7795FE84155DC02AAC07 /* Source */,
				C6A0FF2B0290797F04C91782 /* Documentation */,
				1AB674ADFE9D54B511CA2CBB /* Products */,
			);
			name = LookAndSayProgressive;
			sourceTree = "<group>";
		};
		08FB7795FE84155DC02AAC07 /* Source */ = {
			isa = PBXGroup;
			children = (
				4B36E1B2124E12C000F45D1E /* genes.c */,
				4B36E1B3124E12C000F45D1E /* genes.h */,
				4B36E1B4124E12C000F45D1E /* test.c */,
				4BF3AA5E1246ACCB00DA8944 /* reverse.c */,
				4BF3AA0D12465E4D00DA8944 /* algorithm.c */,
				4BF3AA0E12465E4D00DA8944 /* algorithm.h */,
				4BF3AA0F12465E4D00DA8944 /* expcurve.c */,
				4BF3AA1012465E4D00DA8944 /* expcurve.h */,
				4BF3AA1112465E4D00DA8944 /* powercurve.c */,
				4BF3AA1212465E4D00DA8944 /* powercurve.h */,
				4BF3AA1312465E4D00DA8944 /* util.c */,
				4BF3AA1412465E4D00DA8944 /* util.h */,
				08FB7796FE84155DC02AAC07 /* main.c */,
				4B36E21A124E1F7500F45D1E /* hashtable.c */,
				4B36E21C124E21B500F45D1E /* hashtable.h */,
				4B36E22F124E251B00F45D1E /* hashtable_private.h */,
			);
			name = Source;
			sourceTree = "<group>";
		};
		1AB674ADFE9D54B511CA2CBB /* Products */ = {
			isa = PBXGroup;
			children = (
				8DD76FB20486AB0100D96B5E /* LookAndSayProgressive */,
			);
			name = Products;
			sourceTree = "<group>";
		};
		C6A0FF2B0290797F04C91782 /* Documentation */ = {
			isa = PBXGroup;
			children = (
				C6A0FF2C0290799A04C91782 /* LookAndSayProgressive.1 */,
			);
			name = Documentation;
			sourceTree = "<group>";
		};
/* End PBXGroup section */

/* Begin PBXNativeTarget section */
		8DD76FA90486AB0100D96B5E /* LookAndSayProgressive */ = {
			isa = PBXNativeTarget;
			buildConfigurationList = 1DEB928508733DD80010E9CD /* Build configuration list for PBXNativeTarget "LookAndSayProgressive" */;
			buildPhases = (
				8DD76FAB0486AB0100D96B5E /* Sources */,
				8DD76FAD0486AB0100D96B5E /* Frameworks */,
				8DD76FAF0486AB0100D96B5E /* CopyFiles */,
			);
			buildRules = (
			);
			dependencies = (
			);
			name = LookAndSayProgressive;
			productInstallPath = "$(HOME)/bin";
			productName = LookAndSayProgressive;
			productReference = 8DD76FB20486AB0100D96B5E /* LookAndSayProgressive */;
			productType = "com.apple.product-type.tool";
		};
/* End PBXNativeTarget section */

/* Begin PBXProject section */
		08FB7793FE84155DC02AAC07 /* Project object */ = {
			isa = PBXProject;
			buildConfigurationList = 1DEB928908733DD80010E9CD /* Build configuration list for PBXProject "LookAndSayProgressive" */;
			compatibilityVersion = "Xcode 3.1";
			developmentRegion = English;
			hasScannedForEncodings = 1;
			knownRegions = (
				English,
				Japanese,
				French,
				German,
			);
			mainGroup = 08FB7794FE84155DC02AAC07 /* LookAndSayProgressive */;
			projectDirPath = "";
			projectRoot = "";
			targets = (
				8DD76FA90486AB0100D96B5E /* LookAndSayProgressive */,
			);
		};
/* End PBXProject section */

/* Begin PBXSourcesBuildPhase section */
		8DD76FAB0486AB0100D96B5E /* Sources */ = {
			isa = PBXSourcesBuildPhase;
			buildActionMask = 2147483647;
			files = (
				8DD76FAC0486AB0100D96B5E /* main.c in Sources */,
				4BF3AA1512465E4D00DA8944 /* algorithm.c in Sources */,
				4BF3AA1612465E4D00DA8944 /* expcurve.c in Sources */,
				4BF3AA1712465E4D00DA8944 /* powercurve.c in Sources */,
				4BF3AA1812465E4D00DA8944 /* util.c in Sources */,
				4BF3AA5F1246ACCB00DA8944 /* reverse.c in Sources */,
				4B36E1B5124E12C000F45D1E /* genes.c in Sources */,
				4B36E1B6124E12C000F45D1E /* test.c in Sources */,
				4B36E21B124E1F7500F45D1E /* hashtable.c in Sources */,
			);
			runOnlyForDeploymentPostprocessing = 0;
		};
/* End PBXSourcesBuildPhase section */

/* Begin XCBuildConfiguration section */
		1DEB928608733DD80010E9CD /* Debug */ = {
			isa = XCBuildConfiguration;
			buildSettings = {
				ALWAYS_SEARCH_USER_PATHS = NO;
				COPY_PHASE_STRIP = NO;
				GCC_DYNAMIC_NO_PIC = NO;
				GCC_ENABLE_FIX_AND_CONTINUE = YES;
				GCC_MODEL_TUNING = G5;
				GCC_OPTIMIZATION_LEVEL = 0;
				INSTALL_PATH = /usr/local/bin;
				PRODUCT_NAME = LookAndSayProgressive;
			};
			name = Debug;
		};
		1DEB928708733DD80010E9CD /* Release */ = {
			isa = XCBuildConfiguration;
			buildSettings = {
				ALWAYS_SEARCH_USER_PATHS = NO;
				DEBUG_INFORMATION_FORMAT = "dwarf-with-dsym";
				GCC_MODEL_TUNING = G5;
				INSTALL_PATH = /usr/local/bin;
				PRODUCT_NAME = LookAndSayProgressive;
			};
			name = Release;
		};
		1DEB928A08733DD80010E9CD /* Debug */ = {
			isa = XCBuildConfiguration;
			buildSettings = {
				ARCHS = "$(ARCHS_STANDARD_32_64_BIT)";
				GCC_C_LANGUAGE_STANDARD = gnu99;
				GCC_OPTIMIZATION_LEVEL = 0;
				GCC_WARN_ABOUT_RETURN_TYPE = YES;
				GCC_WARN_UNUSED_VARIABLE = YES;
				HEADER_SEARCH_PATHS = (
					/sw/local/include,
					/opt/local/include,
					/usr/local/include,
				);
				ONLY_ACTIVE_ARCH = YES;
				OTHER_LDFLAGS = (
					"-lgsl",
					"-lgslcblas",
				);
				PREBINDING = NO;
				SDKROOT = macosx10.6;
			};
			name = Debug;
		};
		1DEB928B08733DD80010E9CD /* Release */ = {
			isa = XCBuildConfiguration;
			buildSettings = {
				ARCHS = "$(NATIVE_ARCH_ACTUAL)";
				GCC_C_LANGUAGE_STANDARD = gnu99;
				GCC_ENABLE_SSE3_EXTENSIONS = YES;
				GCC_ENABLE_SSE41_EXTENSIONS = YES;
				GCC_ENABLE_SSE42_EXTENSIONS = YES;
				GCC_ENABLE_SUPPLEMENTAL_SSE3_INSTRUCTIONS = YES;
				GCC_FAST_MATH = YES;
				GCC_MODEL_PPC64 = YES;
				GCC_MODEL_TUNING = "";
				GCC_OPTIMIZATION_LEVEL = 3;
				GCC_THREADSAFE_STATICS = NO;
				GCC_UNROLL_LOOPS = YES;
				GCC_WARN_ABOUT_RETURN_TYPE = YES;
				GCC_WARN_UNUSED_VARIABLE = YES;
				HEADER_SEARCH_PATHS = (
					/sw/local/include,
					/opt/local/include,
					/usr/local/include,
				);
				LIBRARY_SEARCH_PATHS = "";
				OTHER_LDFLAGS = (
					"-lgsl",
					"-lgslcblas",
				);
				PREBINDING = NO;
				SDKROOT = macosx10.6;
			};
			name = Release;
		};
/* End XCBuildConfiguration section */

/* Begin XCConfigurationList section */
		1DEB928508733DD80010E9CD /* Build configuration list for PBXNativeTarget "LookAndSayProgressive" */ = {
			isa = XCConfigurationList;
			buildConfigurations = (
				1DEB928608733DD80010E9CD /* Debug */,
				1DEB928708733DD80010E9CD /* Release */,
			);
			defaultConfigurationIsVisible = 0;
			defaultConfigurationName = Release;
		};
		1DEB928908733DD80010E9CD /* Build configuration list for PBXProject "LookAndSayProgressive" */ = {
			isa = XCConfigurationList;
			buildConfigurations = (
				1DEB928A08733DD80010E9CD /* Debug */,
				1DEB928B08733DD80010E9CD /* Release */,
			);
			defaultConfigurationIsVisible = 0;
			defaultConfigurationName = Release;
		};
/* End XCConfigurationList section */
	};
	rootObject = 08FB7793FE84155DC02AAC07 /* Project object */;
}
